{
    "_readme": [
        "This file locks the dependencies of your project to a known state",
        "Read more about it at https://getcomposer.org/doc/01-basic-usage.md#installing-dependencies",
        "This file is @generated automatically"
    ],
    "content-hash": "e03ffebb5d40963c9a7a514c1f3e092e",
    "packages": [
        {
            "name": "components/bootstrap",
            "version": "4.x-dev",
            "source": {
                "type": "git",
                "url": "https://github.com/components/bootstrap.git",
                "reference": "2cec2d3be861a1e644623ee0dd52b4ad4930fc18"
            },
            "dist": {
                "type": "zip",
                "url": "https://api.github.com/repos/components/bootstrap/zipball/2cec2d3be861a1e644623ee0dd52b4ad4930fc18",
                "reference": "2cec2d3be861a1e644623ee0dd52b4ad4930fc18",
                "shasum": ""
            },
            "require": {
                "components/jquery": ">=2"
            },
            "type": "component",
            "extra": {
                "component": {
                    "scripts": [
                        "js/bootstrap.js"
                    ],
                    "files": [
                        "js/*.js",
                        "js/*.map",
                        "css/*.css",
                        "css/*.map"
                    ],
                    "shim": {
                        "deps": [
                            "jquery"
                        ]
                    }
                }
            },
            "notification-url": "https://packagist.org/downloads/",
            "license": [
                "MIT"
            ],
            "authors": [
                {
                    "name": "Mark Otto",
                    "email": "markdotto@gmail.com"
                },
                {
                    "name": "Jacob Thornton",
                    "email": "jacobthornton@gmail.com"
                }
            ],
            "description": "The most popular front-end framework for developing responsive, mobile first projects on the web.",
            "homepage": "https://getbootstrap.com",
            "keywords": [
                "css",
                "framework",
                "front-end",
                "mobile-first",
                "responsive",
                "sass",
                "web"
            ],
            "support": {
                "issues": "https://github.com/components/bootstrap/issues",
                "source": "https://github.com/components/bootstrap/tree/4.5.2"
            },
            "time": "2020-08-06T20:15:43+00:00"
        },
        {
            "name": "components/highlightjs",
            "version": "v9.16.2",
            "source": {
                "type": "git",
                "url": "https://github.com/components/highlightjs.git",
                "reference": "1dea393aa70365843cfec34b1f365930d383bdfe"
            },
            "dist": {
                "type": "zip",
                "url": "https://api.github.com/repos/components/highlightjs/zipball/1dea393aa70365843cfec34b1f365930d383bdfe",
                "reference": "1dea393aa70365843cfec34b1f365930d383bdfe",
                "shasum": ""
            },
            "type": "component",
            "extra": {
                "component": {
                    "scripts": [
                        "highlight.pack.min.js"
                    ],
                    "files": [
                        "styles/*"
                    ],
                    "shim": {
                        "exports": "hljs"
                    }
                }
            },
            "notification-url": "https://packagist.org/downloads/",
            "license": [
                "BSD-3-Clause"
            ],
            "authors": [
                {
                    "name": "Ivan Sagalaev",
                    "email": "maniac@softwaremaniacs.org",
                    "homepage": "http://softwaremaniacs.org"
                }
            ],
            "description": "Highlight.js highlights syntax in code examples on blogs, forums and in fact on any web pages.",
            "support": {
                "issues": "https://github.com/components/highlightjs/issues",
                "source": "https://github.com/components/highlightjs/tree/v9.16.2"
            },
            "time": "2019-11-05T19:09:33+00:00"
        },
        {
            "name": "components/jquery",
            "version": "3.5.1",
            "source": {
                "type": "git",
                "url": "https://github.com/components/jquery.git",
                "reference": "b33e8f0f9a1cb2ae390cf05d766a900b53d2125b"
            },
            "dist": {
                "type": "zip",
                "url": "https://api.github.com/repos/components/jquery/zipball/b33e8f0f9a1cb2ae390cf05d766a900b53d2125b",
                "reference": "b33e8f0f9a1cb2ae390cf05d766a900b53d2125b",
                "shasum": ""
            },
            "type": "component",
            "extra": {
                "component": {
                    "scripts": [
                        "jquery.js"
                    ],
                    "files": [
                        "jquery.min.js",
                        "jquery.min.map",
                        "jquery.slim.js",
                        "jquery.slim.min.js",
                        "jquery.slim.min.map"
                    ]
                }
            },
            "notification-url": "https://packagist.org/downloads/",
            "license": [
                "MIT"
            ],
            "authors": [
                {
                    "name": "JS Foundation and other contributors"
                }
            ],
            "description": "jQuery JavaScript Library",
            "homepage": "http://jquery.com",
            "support": {
                "forum": "http://forum.jquery.com",
                "irc": "irc://irc.freenode.org/jquery",
                "issues": "https://github.com/jquery/jquery/issues",
                "source": "https://github.com/jquery/jquery",
                "wiki": "http://docs.jquery.com/"
            },
            "time": "2020-05-05T13:21:02+00:00"
        },
        {
            "name": "composer/composer",
            "version": "1.0.0-alpha6",
            "source": {
                "type": "git",
                "url": "https://github.com/composer/composer.git",
                "reference": "0c8158f47d7dda89226d4e816fee1fb9ac6c1204"
            },
            "dist": {
                "type": "zip",
                "url": "https://api.github.com/repos/composer/composer/zipball/0c8158f47d7dda89226d4e816fee1fb9ac6c1204",
                "reference": "0c8158f47d7dda89226d4e816fee1fb9ac6c1204",
                "shasum": ""
            },
            "require": {
                "justinrainbow/json-schema": "1.1.*",
                "php": ">=5.3.2",
                "seld/jsonlint": "1.*",
                "symfony/console": "~2.1@dev",
                "symfony/finder": "~2.1",
                "symfony/process": "~2.1@dev"
            },
            "suggest": {
                "ext-openssl": "Enabling the openssl extension allows you to access https URLs for repositories and packages",
                "ext-zip": "Enabling the zip extension allows you to unzip archives, and allows gzip compression of all internet traffic"
            },
            "bin": [
                "bin/composer"
            ],
            "type": "library",
            "extra": {
                "branch-alias": {
                    "dev-master": "1.0-dev"
                }
            },
            "autoload": {
                "psr-0": {
                    "Composer": "src/"
                }
            },
            "notification-url": "https://packagist.org/downloads/",
            "license": [
                "MIT"
            ],
            "authors": [
                {
                    "name": "Nils Adermann",
                    "email": "naderman@naderman.de",
                    "homepage": "http://www.naderman.de"
                },
                {
                    "name": "Jordi Boggiano",
                    "email": "j.boggiano@seld.be",
                    "homepage": "http://seld.be"
                }
            ],
            "description": "Package Manager",
            "homepage": "http://getcomposer.org/",
            "keywords": [
                "autoload",
                "dependency",
                "package"
            ],
            "support": {
                "irc": "irc://irc.freenode.org/composer",
                "issues": "https://github.com/composer/composer/issues",
                "source": "https://github.com/composer/composer/tree/1.0.0-alpha6"
            },
            "time": "2012-10-23T08:54:25+00:00"
        },
        {
            "name": "dflydev/ant-path-matcher",
            "version": "v1.0.3",
            "source": {
                "type": "git",
                "url": "https://github.com/dflydev/dflydev-util-antPathMatcher.git",
                "reference": "66e0ed7cd07e1d989b170472d000b99ab8c9e33e"
            },
            "dist": {
                "type": "zip",
                "url": "https://api.github.com/repos/dflydev/dflydev-util-antPathMatcher/zipball/66e0ed7cd07e1d989b170472d000b99ab8c9e33e",
                "reference": "66e0ed7cd07e1d989b170472d000b99ab8c9e33e",
                "shasum": ""
            },
            "require": {
                "php": ">=5.3"
            },
            "type": "library",
            "autoload": {
                "psr-0": {
                    "dflydev\\util\\antPathMatcher": "src"
                }
            },
            "notification-url": "https://packagist.org/downloads/",
            "license": [
                "MIT"
            ],
            "authors": [
                {
                    "name": "Dragonfly Development Inc.",
                    "email": "info@dflydev.com",
                    "homepage": "http://dflydev.com"
                },
                {
                    "name": "Beau Simensen",
                    "email": "beau@dflydev.com",
                    "homepage": "http://beausimensen.com"
                }
            ],
            "description": "Ant Path Matcher Utility",
            "homepage": "http://github.com/dflydev/dflydev-util-antPathMatcher",
            "keywords": [
                "ant",
                "matcher",
                "path",
                "pattern"
            ],
            "support": {
                "issues": "https://github.com/dflydev/dflydev-util-antPathMatcher/issues",
                "source": "https://github.com/dflydev/dflydev-util-antPathMatcher/tree/v1.0.3"
            },
            "time": "2012-12-03T05:03:00+00:00"
        },
        {
            "name": "dflydev/dot-access-configuration",
            "version": "dev-master",
            "source": {
                "type": "git",
                "url": "https://github.com/dflydev/dflydev-dot-access-configuration.git",
                "reference": "2e6eb0c8b8830b26bb23defcfc38d4276508fc49"
            },
            "dist": {
                "type": "zip",
                "url": "https://api.github.com/repos/dflydev/dflydev-dot-access-configuration/zipball/2e6eb0c8b8830b26bb23defcfc38d4276508fc49",
                "reference": "2e6eb0c8b8830b26bb23defcfc38d4276508fc49",
                "shasum": ""
            },
            "require": {
                "dflydev/dot-access-data": "1.*",
                "dflydev/placeholder-resolver": "1.*",
                "php": ">=5.3.2"
            },
            "require-dev": {
                "symfony/yaml": "~2.1"
            },
            "suggest": {
                "symfony/yaml": "Required for using the YAML Configuration Builders"
            },
            "default-branch": true,
            "type": "library",
            "extra": {
                "branch-alias": {
                    "dev-master": "1.0-dev"
                }
            },
            "autoload": {
                "psr-0": {
                    "Dflydev\\DotAccessConfiguration": "src"
                }
            },
            "notification-url": "https://packagist.org/downloads/",
            "license": [
                "MIT"
            ],
            "authors": [
                {
                    "name": "Dragonfly Development Inc.",
                    "email": "info@dflydev.com",
                    "homepage": "http://dflydev.com"
                },
                {
                    "name": "Beau Simensen",
                    "email": "beau@dflydev.com",
                    "homepage": "http://beausimensen.com"
                }
            ],
            "description": "Given a deep data structure representing a configuration, access configuration by dot notation.",
            "homepage": "https://github.com/dflydev/dflydev-dot-access-configuration",
            "keywords": [
                "config",
                "configuration"
            ],
            "support": {
                "issues": "https://github.com/dflydev/dflydev-dot-access-configuration/issues",
                "source": "https://github.com/dflydev/dflydev-dot-access-configuration/tree/v1.0.3"
            },
            "time": "2018-09-08T23:00:17+00:00"
        },
        {
            "name": "dflydev/dot-access-data",
            "version": "v1.1.0",
            "source": {
                "type": "git",
                "url": "https://github.com/dflydev/dflydev-dot-access-data.git",
                "reference": "3fbd874921ab2c041e899d044585a2ab9795df8a"
            },
            "dist": {
                "type": "zip",
                "url": "https://api.github.com/repos/dflydev/dflydev-dot-access-data/zipball/3fbd874921ab2c041e899d044585a2ab9795df8a",
                "reference": "3fbd874921ab2c041e899d044585a2ab9795df8a",
                "shasum": ""
            },
            "require": {
                "php": ">=5.3.2"
            },
            "type": "library",
            "extra": {
                "branch-alias": {
                    "dev-master": "1.0-dev"
                }
            },
            "autoload": {
                "psr-0": {
                    "Dflydev\\DotAccessData": "src"
                }
            },
            "notification-url": "https://packagist.org/downloads/",
            "license": [
                "MIT"
            ],
            "authors": [
                {
                    "name": "Dragonfly Development Inc.",
                    "email": "info@dflydev.com",
                    "homepage": "http://dflydev.com"
                },
                {
                    "name": "Beau Simensen",
                    "email": "beau@dflydev.com",
                    "homepage": "http://beausimensen.com"
                },
                {
                    "name": "Carlos Frutos",
                    "email": "carlos@kiwing.it",
                    "homepage": "https://github.com/cfrutos"
                }
            ],
            "description": "Given a deep data structure, access data by dot notation.",
            "homepage": "https://github.com/dflydev/dflydev-dot-access-data",
            "keywords": [
                "access",
                "data",
                "dot",
                "notation"
            ],
            "support": {
                "issues": "https://github.com/dflydev/dflydev-dot-access-data/issues",
                "source": "https://github.com/dflydev/dflydev-dot-access-data/tree/master"
            },
            "time": "2017-01-20T21:14:22+00:00"
        },
        {
            "name": "dflydev/markdown",
            "version": "dev-master",
            "source": {
                "type": "git",
                "url": "https://github.com/dflydev/dflydev-markdown.git",
                "reference": "dee1f7a6b60776a94c10efa8340ccd486ec834b7"
            },
            "dist": {
                "type": "zip",
                "url": "https://api.github.com/repos/dflydev/dflydev-markdown/zipball/dee1f7a6b60776a94c10efa8340ccd486ec834b7",
                "reference": "dee1f7a6b60776a94c10efa8340ccd486ec834b7",
                "shasum": ""
            },
            "require": {
                "php": ">=5.3"
            },
            "type": "library",
            "extra": {
                "branch-alias": {
                    "dev-master": "1.0-dev"
                }
            },
            "autoload": {
                "psr-0": {
                    "dflydev\\markdown": "src"
                }
            },
            "notification-url": "https://packagist.org/downloads/",
            "license": [
                "BSD-3-Clause"
            ],
            "authors": [
                {
                    "name": "Dragonfly Development Inc.",
                    "email": "info@dflydev.com",
                    "homepage": "http://dflydev.com"
                },
                {
                    "name": "Beau Simensen",
                    "email": "beau@dflydev.com",
                    "homepage": "http://beausimensen.com"
                },
                {
                    "name": "Michel Fortin",
                    "homepage": "http://michelf.com"
                },
                {
                    "name": "John Gruber",
                    "homepage": "http://daringfireball.net"
                }
            ],
            "description": "PHP Markdown & Extra - DEPRECATED",
            "homepage": "http://github.com/dflydev/dflydev-markdown",
            "keywords": [
                "markdown"
            ],
            "support": {
                "issues": "https://github.com/dflydev/dflydev-markdown/issues",
                "source": "https://github.com/dflydev/dflydev-markdown/tree/master"
            },
            "abandoned": "michelf/php-markdown",
            "time": "2014-01-06T23:32:02+00:00"
        },
        {
            "name": "dflydev/placeholder-resolver",
            "version": "dev-master",
            "source": {
                "type": "git",
                "url": "https://github.com/dflydev/dflydev-placeholder-resolver.git",
                "reference": "c498d0cae91b1bb36cc7d60906dab8e62bb7c356"
            },
            "dist": {
                "type": "zip",
                "url": "https://api.github.com/repos/dflydev/dflydev-placeholder-resolver/zipball/c498d0cae91b1bb36cc7d60906dab8e62bb7c356",
                "reference": "c498d0cae91b1bb36cc7d60906dab8e62bb7c356",
                "shasum": ""
            },
            "require": {
                "php": ">=5.3.2"
            },
            "default-branch": true,
            "type": "library",
            "extra": {
                "branch-alias": {
                    "dev-master": "1.0-dev"
                }
            },
            "autoload": {
                "psr-0": {
                    "Dflydev\\PlaceholderResolver": "src"
                }
            },
            "notification-url": "https://packagist.org/downloads/",
            "license": [
                "MIT"
            ],
            "authors": [
                {
                    "name": "Dragonfly Development Inc.",
                    "email": "info@dflydev.com",
                    "homepage": "http://dflydev.com"
                },
                {
                    "name": "Beau Simensen",
                    "email": "beau@dflydev.com",
                    "homepage": "http://beausimensen.com"
                }
            ],
            "description": "Given a data source representing key => value pairs, resolve placeholders like ${foo.bar} to the value associated with the 'foo.bar' key in the data source.",
            "homepage": "https://github.com/dflydev/dflydev-placeholder-resolver",
            "keywords": [
                "placeholder",
                "resolver"
            ],
            "support": {
                "issues": "https://github.com/dflydev/dflydev-placeholder-resolver/issues",
                "source": "https://github.com/dflydev/dflydev-placeholder-resolver/tree/v1.0.2"
            },
            "time": "2012-10-28T21:08:28+00:00"
        },
        {
            "name": "justinrainbow/json-schema",
            "version": "1.1.0",
            "source": {
                "type": "git",
                "url": "https://github.com/justinrainbow/json-schema.git",
                "reference": "05ff6d8d79fe3ad190b0663d80d3f9deee79416c"
            },
            "dist": {
                "type": "zip",
                "url": "https://api.github.com/repos/justinrainbow/json-schema/zipball/05ff6d8d79fe3ad190b0663d80d3f9deee79416c",
                "reference": "05ff6d8d79fe3ad190b0663d80d3f9deee79416c",
                "shasum": ""
            },
            "require": {
                "php": ">=5.3.0"
            },
            "type": "library",
            "autoload": {
                "psr-0": {
                    "JsonSchema": "src/"
                }
            },
            "notification-url": "https://packagist.org/downloads/",
            "license": [
                "NewBSD"
            ],
            "authors": [
                {
                    "name": "Igor Wiedler",
                    "email": "igor@wiedler.ch",
                    "homepage": "http://wiedler.ch/igor/"
                },
                {
                    "name": "Bruno Prieto Reis",
                    "email": "bruno.p.reis@gmail.com"
                },
                {
                    "name": "Justin Rainbow",
                    "email": "justin.rainbow@gmail.com"
                },
                {
                    "name": "Robert Schönthal",
                    "email": "robert.schoenthal@gmail.com",
                    "homepage": "http://digitalkaoz.net"
                }
            ],
            "description": "A library to validate a json schema.",
            "homepage": "https://github.com/justinrainbow/json-schema",
            "keywords": [
                "json",
                "schema"
            ],
            "support": {
                "issues": "https://github.com/justinrainbow/json-schema/issues",
                "source": "https://github.com/justinrainbow/json-schema/tree/v1.1.0"
            },
            "time": "2012-01-03T00:33:17+00:00"
        },
        {
            "name": "kriswallsmith/assetic",
            "version": "v1.2.1",
            "source": {
                "type": "git",
                "url": "https://github.com/kriswallsmith/assetic.git",
                "reference": "b20efe38845d20458702f97f3ff625d80805897b"
            },
            "dist": {
                "type": "zip",
                "url": "https://api.github.com/repos/kriswallsmith/assetic/zipball/b20efe38845d20458702f97f3ff625d80805897b",
                "reference": "b20efe38845d20458702f97f3ff625d80805897b",
                "shasum": ""
            },
            "require": {
                "php": ">=5.3.1",
                "symfony/process": "~2.1"
            },
            "require-dev": {
                "cssmin/cssmin": "*",
                "joliclic/javascript-packer": "*",
                "kamicane/packager": "*",
                "leafo/lessphp": "*",
                "leafo/scssphp": "*",
                "leafo/scssphp-compass": "*",
                "mrclay/minify": "*",
                "patchwork/jsqueeze": "~1.0",
                "phpunit/phpunit": "~4",
                "psr/log": "~1.0",
                "ptachoire/cssembed": "*",
                "twig/twig": "~1.6"
            },
            "suggest": {
                "leafo/lessphp": "Assetic provides the integration with the lessphp LESS compiler",
                "leafo/scssphp": "Assetic provides the integration with the scssphp SCSS compiler",
                "leafo/scssphp-compass": "Assetic provides the integration with the SCSS compass plugin",
                "patchwork/jsqueeze": "Assetic provides the integration with the JSqueeze JavaScript compressor",
                "ptachoire/cssembed": "Assetic provides the integration with phpcssembed to embed data uris",
                "twig/twig": "Assetic provides the integration with the Twig templating engine"
            },
            "type": "library",
            "extra": {
                "branch-alias": {
                    "dev-master": "1.2-dev"
                }
            },
            "autoload": {
                "psr-0": {
                    "Assetic": "src/"
                },
                "files": [
                    "src/functions.php"
                ]
            },
            "notification-url": "https://packagist.org/downloads/",
            "license": [
                "MIT"
            ],
            "authors": [
                {
                    "name": "Kris Wallsmith",
                    "email": "kris.wallsmith@gmail.com",
                    "homepage": "http://kriswallsmith.net/"
                }
            ],
            "description": "Asset Management for PHP",
            "homepage": "https://github.com/kriswallsmith/assetic",
            "keywords": [
                "assets",
                "compression",
                "minification"
            ],
            "support": {
                "issues": "https://github.com/kriswallsmith/assetic/issues",
                "source": "https://github.com/kriswallsmith/assetic/tree/1.2.x"
            },
            "time": "2014-12-12T05:04:05+00:00"
        },
        {
            "name": "sculpin/sculpin",
            "version": "1.0.x-dev",
            "source": {
                "type": "git",
                "url": "https://github.com/sculpin/sculpin.git",
                "reference": "517c5eb3146e6133b5085df9d85d0271c2447957"
            },
            "dist": {
                "type": "zip",
                "url": "https://api.github.com/repos/sculpin/sculpin/zipball/517c5eb3146e6133b5085df9d85d0271c2447957",
                "reference": "517c5eb3146e6133b5085df9d85d0271c2447957",
                "shasum": ""
            },
            "require": {
                "composer/composer": "1.*@alpha",
                "dflydev/ant-path-matcher": "1.*",
                "dflydev/dot-access-configuration": "1.*@dev",
                "dflydev/dot-access-data": "1.*@dev",
                "dflydev/markdown": "1.*",
                "dflydev/placeholder-resolver": "1.*@dev",
                "php": ">=5.3.0",
                "symfony/console": "2.1.*",
                "symfony/dependency-injection": "2.1.*",
                "symfony/event-dispatcher": "2.1.*",
                "symfony/filesystem": "2.1.*",
                "symfony/finder": "2.1.*",
                "symfony/http-kernel": "2.1.*",
                "symfony/process": "2.1.*",
                "symfony/yaml": "2.1.*",
                "twig/twig": "1.6.*"
            },
            "require-dev": {
                "mikey179/vfsstream": "1.*"
            },
            "bin": [
                "bin/sculpin"
            ],
            "type": "application",
            "autoload": {
                "psr-0": {
                    "sculpin": "src"
                }
            },
            "notification-url": "https://packagist.org/downloads/",
            "license": [
                "MIT"
            ],
            "authors": [
                {
                    "name": "Dragonfly Development Inc.",
                    "email": "info@dflydev.com",
                    "homepage": "http://dflydev.com"
                },
                {
                    "name": "Beau Simensen",
                    "email": "beau@dflydev.com",
                    "homepage": "http://beausimensen.com"
                }
            ],
            "description": "Static Site Generator",
            "homepage": "http://getsculpin.com",
            "keywords": [
                "generator",
                "site",
                "static"
            ],
            "support": {
                "issues": "https://github.com/sculpin/sculpin/issues",
                "source": "https://github.com/sculpin/sculpin/tree/1.0"
            },
            "time": "2012-08-09T16:30:35+00:00"
        },
        {
            "name": "seld/jsonlint",
            "version": "1.8.2",
            "source": {
                "type": "git",
                "url": "https://github.com/Seldaek/jsonlint.git",
                "reference": "590cfec960b77fd55e39b7d9246659e95dd6d337"
            },
            "dist": {
                "type": "zip",
                "url": "https://api.github.com/repos/Seldaek/jsonlint/zipball/590cfec960b77fd55e39b7d9246659e95dd6d337",
                "reference": "590cfec960b77fd55e39b7d9246659e95dd6d337",
                "shasum": ""
            },
            "require": {
                "php": "^5.3 || ^7.0 || ^8.0"
            },
            "require-dev": {
                "phpunit/phpunit": "^4.8.35 || ^5.7 || ^6.0"
            },
            "bin": [
                "bin/jsonlint"
            ],
            "type": "library",
            "autoload": {
                "psr-4": {
                    "Seld\\JsonLint\\": "src/Seld/JsonLint/"
                }
            },
            "notification-url": "https://packagist.org/downloads/",
            "license": [
                "MIT"
            ],
            "authors": [
                {
                    "name": "Jordi Boggiano",
                    "email": "j.boggiano@seld.be",
                    "homepage": "http://seld.be"
                }
            ],
            "description": "JSON Linter",
            "keywords": [
                "json",
                "linter",
                "parser",
                "validator"
            ],
            "support": {
                "issues": "https://github.com/Seldaek/jsonlint/issues",
                "source": "https://github.com/Seldaek/jsonlint/tree/master"
            },
            "funding": [
                {
                    "url": "https://github.com/Seldaek",
                    "type": "github"
                },
                {
                    "url": "https://tidelift.com/funding/github/packagist/seld/jsonlint",
                    "type": "tidelift"
                }
            ],
            "time": "2020-08-25T06:56:57+00:00"
        },
        {
            "name": "symfony/console",
            "version": "2.1.x-dev",
            "target-dir": "Symfony/Component/Console",
            "source": {
                "type": "git",
                "url": "https://github.com/symfony/console.git",
                "reference": "a5e96b2363aca8a5400fec3bbcb3201a4b0513fb"
            },
            "dist": {
                "type": "zip",
                "url": "https://api.github.com/repos/symfony/console/zipball/a5e96b2363aca8a5400fec3bbcb3201a4b0513fb",
                "reference": "a5e96b2363aca8a5400fec3bbcb3201a4b0513fb",
                "shasum": ""
            },
            "require": {
                "php": ">=5.3.3"
            },
            "type": "library",
            "autoload": {
                "psr-0": {
                    "Symfony\\Component\\Console": ""
                }
            },
            "notification-url": "https://packagist.org/downloads/",
            "license": [
                "MIT"
            ],
            "authors": [
                {
                    "name": "Symfony Community",
                    "homepage": "http://symfony.com/contributors"
                },
                {
                    "name": "Fabien Potencier",
                    "email": "fabien@symfony.com"
                }
            ],
            "description": "Symfony Console Component",
            "homepage": "http://symfony.com",
            "support": {
                "source": "https://github.com/symfony/console/tree/v2.1.13"
            },
            "time": "2013-06-11T07:34:22+00:00"
        },
        {
            "name": "symfony/dependency-injection",
            "version": "2.1.x-dev",
            "target-dir": "Symfony/Component/DependencyInjection",
            "source": {
                "type": "git",
                "url": "https://github.com/symfony/dependency-injection.git",
                "reference": "0df349077e11df224998c26806d50be128583faa"
            },
            "dist": {
                "type": "zip",
                "url": "https://api.github.com/repos/symfony/dependency-injection/zipball/0df349077e11df224998c26806d50be128583faa",
                "reference": "0df349077e11df224998c26806d50be128583faa",
                "shasum": ""
            },
            "require": {
                "php": ">=5.3.3"
            },
            "require-dev": {
                "symfony/config": "2.1.*",
                "symfony/yaml": "2.1.*"
            },
            "suggest": {
                "symfony/config": "2.1.*",
                "symfony/yaml": "2.1.*"
            },
            "type": "library",
            "autoload": {
                "psr-0": {
                    "Symfony\\Component\\DependencyInjection": ""
                }
            },
            "notification-url": "https://packagist.org/downloads/",
            "license": [
                "MIT"
            ],
            "authors": [
                {
                    "name": "Symfony Community",
                    "homepage": "http://symfony.com/contributors"
                },
                {
                    "name": "Fabien Potencier",
                    "email": "fabien@symfony.com"
                }
            ],
            "description": "Symfony DependencyInjection Component",
            "homepage": "http://symfony.com",
            "support": {
                "source": "https://github.com/symfony/dependency-injection/tree/v2.1.13"
            },
            "time": "2013-05-03T05:08:13+00:00"
        },
        {
            "name": "symfony/event-dispatcher",
            "version": "2.1.x-dev",
            "target-dir": "Symfony/Component/EventDispatcher",
            "source": {
                "type": "git",
                "url": "https://github.com/symfony/event-dispatcher.git",
                "reference": "e1d18ff0ff6f3e45ac82f000bc221135df635527"
            },
            "dist": {
                "type": "zip",
                "url": "https://api.github.com/repos/symfony/event-dispatcher/zipball/e1d18ff0ff6f3e45ac82f000bc221135df635527",
                "reference": "e1d18ff0ff6f3e45ac82f000bc221135df635527",
                "shasum": ""
            },
            "require": {
                "php": ">=5.3.3"
            },
            "require-dev": {
                "symfony/dependency-injection": "2.1.*"
            },
            "suggest": {
                "symfony/dependency-injection": "2.1.*",
                "symfony/http-kernel": "2.1.*"
            },
            "type": "library",
            "autoload": {
                "psr-0": {
                    "Symfony\\Component\\EventDispatcher": ""
                }
            },
            "notification-url": "https://packagist.org/downloads/",
            "license": [
                "MIT"
            ],
            "authors": [
                {
                    "name": "Symfony Community",
                    "homepage": "http://symfony.com/contributors"
                },
                {
                    "name": "Fabien Potencier",
                    "email": "fabien@symfony.com"
                }
            ],
            "description": "Symfony EventDispatcher Component",
            "homepage": "http://symfony.com",
            "support": {
                "source": "https://github.com/symfony/event-dispatcher/tree/v2.1.13"
            },
            "time": "2013-02-11T11:26:14+00:00"
        },
        {
            "name": "symfony/filesystem",
            "version": "2.1.x-dev",
            "target-dir": "Symfony/Component/Filesystem",
            "source": {
                "type": "git",
                "url": "https://github.com/symfony/filesystem.git",
                "reference": "51393fcc2c304645df43f6a72dfb9ac233cf0fee"
            },
            "dist": {
                "type": "zip",
                "url": "https://api.github.com/repos/symfony/filesystem/zipball/51393fcc2c304645df43f6a72dfb9ac233cf0fee",
                "reference": "51393fcc2c304645df43f6a72dfb9ac233cf0fee",
                "shasum": ""
            },
            "require": {
                "php": ">=5.3.3"
            },
            "type": "library",
            "autoload": {
                "psr-0": {
                    "Symfony\\Component\\Filesystem": ""
                }
            },
            "notification-url": "https://packagist.org/downloads/",
            "license": [
                "MIT"
            ],
            "authors": [
                {
                    "name": "Symfony Community",
                    "homepage": "http://symfony.com/contributors"
                },
                {
                    "name": "Fabien Potencier",
                    "email": "fabien@symfony.com"
                }
            ],
            "description": "Symfony Filesystem Component",
            "homepage": "http://symfony.com",
            "support": {
                "source": "https://github.com/symfony/filesystem/tree/v2.1.13"
            },
            "time": "2013-05-06T10:06:16+00:00"
        },
        {
            "name": "symfony/finder",
            "version": "2.1.x-dev",
            "target-dir": "Symfony/Component/Finder",
            "source": {
                "type": "git",
                "url": "https://github.com/symfony/Finder.git",
                "reference": "0dbc61194b58bc513e003789853ddfe0aea8cf33"
            },
            "dist": {
                "type": "zip",
                "url": "https://api.github.com/repos/symfony/Finder/zipball/0dbc61194b58bc513e003789853ddfe0aea8cf33",
                "reference": "0dbc61194b58bc513e003789853ddfe0aea8cf33",
                "shasum": ""
            },
            "require": {
                "php": ">=5.3.3"
            },
            "type": "library",
            "autoload": {
                "psr-0": {
                    "Symfony\\Component\\Finder": ""
                }
            },
            "notification-url": "https://packagist.org/downloads/",
            "license": [
                "MIT"
            ],
            "authors": [
                {
                    "name": "Fabien Potencier",
                    "email": "fabien@symfony.com",
                    "homepage": "http://fabien.potencier.org",
                    "role": "Lead Developer"
                },
                {
                    "name": "Symfony Community",
                    "homepage": "http://symfony.com/contributors"
                }
            ],
            "description": "Symfony Finder Component",
            "homepage": "http://symfony.com",
            "support": {
                "source": "https://github.com/symfony/Finder/tree/2.1"
            },
            "time": "2013-05-25T15:47:15+00:00"
        },
        {
            "name": "symfony/http-foundation",
            "version": "2.1.x-dev",
            "target-dir": "Symfony/Component/HttpFoundation",
            "source": {
                "type": "git",
                "url": "https://github.com/symfony/http-foundation.git",
                "reference": "79fd1ab0b85e782d342e83799b39b729fd1a30ee"
            },
            "dist": {
                "type": "zip",
                "url": "https://api.github.com/repos/symfony/http-foundation/zipball/79fd1ab0b85e782d342e83799b39b729fd1a30ee",
                "reference": "79fd1ab0b85e782d342e83799b39b729fd1a30ee",
                "shasum": ""
            },
            "require": {
                "php": ">=5.3.3"
            },
            "type": "library",
            "autoload": {
                "psr-0": {
                    "Symfony\\Component\\HttpFoundation": "",
                    "SessionHandlerInterface": "Symfony/Component/HttpFoundation/Resources/stubs"
                }
            },
            "notification-url": "https://packagist.org/downloads/",
            "license": [
                "MIT"
            ],
            "authors": [
                {
                    "name": "Symfony Community",
                    "homepage": "http://symfony.com/contributors"
                },
                {
                    "name": "Fabien Potencier",
                    "email": "fabien@symfony.com"
                }
            ],
            "description": "Symfony HttpFoundation Component",
            "homepage": "http://symfony.com",
            "support": {
                "source": "https://github.com/symfony/http-foundation/tree/v2.1.13"
            },
            "time": "2013-08-07T13:58:42+00:00"
        },
        {
            "name": "symfony/http-kernel",
            "version": "2.1.x-dev",
            "target-dir": "Symfony/Component/HttpKernel",
            "source": {
                "type": "git",
                "url": "https://github.com/symfony/http-kernel.git",
                "reference": "b0fbc4d28fa9676a741f127c891eff73a36a338c"
            },
            "dist": {
                "type": "zip",
                "url": "https://api.github.com/repos/symfony/http-kernel/zipball/b0fbc4d28fa9676a741f127c891eff73a36a338c",
                "reference": "b0fbc4d28fa9676a741f127c891eff73a36a338c",
                "shasum": ""
            },
            "require": {
                "php": ">=5.3.3",
                "symfony/event-dispatcher": "2.1.*",
                "symfony/http-foundation": "2.1.*"
            },
            "require-dev": {
                "symfony/browser-kit": "2.1.*",
                "symfony/class-loader": "2.1.*",
                "symfony/config": "2.1.*",
                "symfony/console": "2.1.*",
                "symfony/dependency-injection": "2.1.*",
                "symfony/finder": "2.1.*",
                "symfony/process": "2.1.*",
                "symfony/routing": "2.1.*"
            },
            "suggest": {
                "symfony/browser-kit": "2.1.*",
                "symfony/class-loader": "2.1.*",
                "symfony/config": "2.1.*",
                "symfony/console": "2.1.*",
                "symfony/dependency-injection": "2.1.*",
                "symfony/finder": "2.1.*"
            },
            "type": "library",
            "autoload": {
                "psr-0": {
                    "Symfony\\Component\\HttpKernel": ""
                }
            },
            "notification-url": "https://packagist.org/downloads/",
            "license": [
                "MIT"
            ],
            "authors": [
                {
                    "name": "Symfony Community",
                    "homepage": "http://symfony.com/contributors"
                },
                {
                    "name": "Fabien Potencier",
                    "email": "fabien@symfony.com"
                }
            ],
            "description": "Symfony HttpKernel Component",
            "homepage": "http://symfony.com",
            "support": {
                "source": "https://github.com/symfony/http-kernel/tree/v2.1.13"
            },
            "time": "2013-10-10T11:03:57+00:00"
        },
        {
            "name": "symfony/process",
            "version": "2.1.x-dev",
            "target-dir": "Symfony/Component/Process",
            "source": {
                "type": "git",
                "url": "https://github.com/symfony/process.git",
                "reference": "be3cac4d0575bc547a0f2e85ceb4f19a5a8b3025"
            },
            "dist": {
                "type": "zip",
                "url": "https://api.github.com/repos/symfony/process/zipball/be3cac4d0575bc547a0f2e85ceb4f19a5a8b3025",
                "reference": "be3cac4d0575bc547a0f2e85ceb4f19a5a8b3025",
                "shasum": ""
            },
            "require": {
                "php": ">=5.3.3"
            },
            "type": "library",
            "autoload": {
                "psr-0": {
                    "Symfony\\Component\\Process": ""
                }
            },
            "notification-url": "https://packagist.org/downloads/",
            "license": [
                "MIT"
            ],
            "authors": [
                {
                    "name": "Symfony Community",
                    "homepage": "http://symfony.com/contributors"
                },
                {
                    "name": "Fabien Potencier",
                    "email": "fabien@symfony.com"
                }
            ],
            "description": "Symfony Process Component",
            "homepage": "http://symfony.com",
            "support": {
                "source": "https://github.com/symfony/process/tree/v2.1.13"
            },
            "time": "2013-05-06T10:21:56+00:00"
        },
        {
            "name": "symfony/yaml",
            "version": "2.1.x-dev",
            "target-dir": "Symfony/Component/Yaml",
            "source": {
                "type": "git",
                "url": "https://github.com/symfony/Yaml.git",
                "reference": "347a7a02204433c6926ecc3f13e805bdc30e8f9f"
            },
            "dist": {
                "type": "zip",
                "url": "https://api.github.com/repos/symfony/Yaml/zipball/347a7a02204433c6926ecc3f13e805bdc30e8f9f",
                "reference": "347a7a02204433c6926ecc3f13e805bdc30e8f9f",
                "shasum": ""
            },
            "require": {
                "php": ">=5.3.3"
            },
            "type": "library",
            "autoload": {
                "psr-0": {
                    "Symfony\\Component\\Yaml": ""
                }
            },
            "notification-url": "https://packagist.org/downloads/",
            "license": [
                "MIT"
            ],
            "authors": [
                {
                    "name": "Fabien Potencier",
                    "email": "fabien@symfony.com",
                    "homepage": "http://fabien.potencier.org",
                    "role": "Lead Developer"
                },
                {
                    "name": "Symfony Community",
                    "homepage": "http://symfony.com/contributors"
                }
            ],
            "description": "Symfony Yaml Component",
            "homepage": "http://symfony.com",
            "support": {
                "source": "https://github.com/symfony/Yaml/tree/2.1"
            },
            "time": "2013-05-10T00:09:46+00:00"
        },
        {
            "name": "twig/twig",
            "version": "1.6.5",
            "source": {
                "type": "git",
                "url": "https://github.com/twigphp/Twig.git",
                "reference": "97ade38d5c0b095f8ed9fadb61f71ab79f13d7af"
            },
            "dist": {
                "type": "zip",
                "url": "https://api.github.com/repos/twigphp/Twig/zipball/97ade38d5c0b095f8ed9fadb61f71ab79f13d7af",
                "reference": "97ade38d5c0b095f8ed9fadb61f71ab79f13d7af",
                "shasum": ""
            },
            "require": {
                "php": ">=5.2.4"
            },
            "type": "library",
            "autoload": {
                "psr-0": {
                    "Twig_": "lib/"
                }
            },
            "notification-url": "https://packagist.org/downloads/",
            "license": [
                "BSD"
            ],
            "authors": [
                {
                    "name": "Fabien Potencier",
                    "email": "fabien@symfony.com"
                },
                {
                    "name": "Armin Ronacher",
                    "email": "armin.ronacher@active-4.com"
                }
            ],
            "description": "Twig, the flexible, fast, and secure template language for PHP",
            "homepage": "http://twig.sensiolabs.org",
            "keywords": [
                "templating"
            ],
            "support": {
                "issues": "https://github.com/twigphp/Twig/issues",
                "source": "https://github.com/twigphp/Twig/tree/v1.6.5"
            },
            "time": "2012-04-11T09:00:38+00:00"
        }
    ],
    "packages-dev": [],
    "aliases": [],
    "minimum-stability": "dev",
    "stability-flags": {
        "sculpin/sculpin": 20
    },
    "prefer-stable": false,
    "prefer-lowest": false,
    "platform": [],
    "platform-dev": [],
    "plugin-api-version": "2.0.0"
}
